// !$*UTF8*$!
{
	archiveVersion = 1;
	classes = {
	};
	objectVersion = 56;
	objects = {

/* Begin PBXBuildFile section */
		41B640110BDECF8A3107AA79 /* Pods_JTPromise.framework in Frameworks */ = {isa = PBXBuildFile; fileRef = 58A269A08BFDB71EEA6A8C25 /* Pods_JTPromise.framework */; };
		5ACEEF0678F30B4BEC85A9CE /* Pods_JTPromiseTests.framework in Frameworks */ = {isa = PBXBuildFile; fileRef = 5A87B638A1E87CEC0EE3BFC4 /* Pods_JTPromiseTests.framework */; };
		D20EA3FC2CAF8AE200CA071E /* AppDelegate.m in Sources */ = {isa = PBXBuildFile; fileRef = D20EA3FB2CAF8AE200CA071E /* AppDelegate.m */; };
		D20EA3FF2CAF8AE200CA071E /* SceneDelegate.m in Sources */ = {isa = PBXBuildFile; fileRef = D20EA3FE2CAF8AE200CA071E /* SceneDelegate.m */; };
		D20EA4022CAF8AE200CA071E /* ViewController.m in Sources */ = {isa = PBXBuildFile; fileRef = D20EA4012CAF8AE200CA071E /* ViewController.m */; };
		D20EA4052CAF8AE200CA071E /* Main.storyboard in Resources */ = {isa = PBXBuildFile; fileRef = D20EA4032CAF8AE200CA071E /* Main.storyboard */; };
		D20EA4072CAF8AE400CA071E /* Assets.xcassets in Resources */ = {isa = PBXBuildFile; fileRef = D20EA4062CAF8AE400CA071E /* Assets.xcassets */; };
		D20EA40A2CAF8AE400CA071E /* LaunchScreen.storyboard in Resources */ = {isa = PBXBuildFile; fileRef = D20EA4082CAF8AE400CA071E /* LaunchScreen.storyboard */; };
		D20EA40D2CAF8AE400CA071E /* main.m in Sources */ = {isa = PBXBuildFile; fileRef = D20EA40C2CAF8AE400CA071E /* main.m */; };
		D20EA4212CAF8AE500CA071E /* JTPromiseUITests.m in Sources */ = {isa = PBXBuildFile; fileRef = D20EA4202CAF8AE500CA071E /* JTPromiseUITests.m */; };
		D20EA4232CAF8AE500CA071E /* JTPromiseUITestsLaunchTests.m in Sources */ = {isa = PBXBuildFile; fileRef = D20EA4222CAF8AE500CA071E /* JTPromiseUITestsLaunchTests.m */; };
		D25A77852CAF8DE500A4B975 /* PromiseTests.swift in Sources */ = {isa = PBXBuildFile; fileRef = D25A777F2CAF8DE500A4B975 /* PromiseTests.swift */; };
		D25A77862CAF8DE500A4B975 /* PromiseAllSettledTests.swift in Sources */ = {isa = PBXBuildFile; fileRef = D25A77802CAF8DE500A4B975 /* PromiseAllSettledTests.swift */; };
		D25A77872CAF8DE500A4B975 /* PromiseAnyTests.swift in Sources */ = {isa = PBXBuildFile; fileRef = D25A77812CAF8DE500A4B975 /* PromiseAnyTests.swift */; };
		D25A77882CAF8DE500A4B975 /* PromiseRaceTests.swift in Sources */ = {isa = PBXBuildFile; fileRef = D25A77822CAF8DE500A4B975 /* PromiseRaceTests.swift */; };
		D25A77892CAF8DE500A4B975 /* Utils.swift in Sources */ = {isa = PBXBuildFile; fileRef = D25A77832CAF8DE500A4B975 /* Utils.swift */; };
		D25A778A2CAF8DE500A4B975 /* PromiseAllTests.swift in Sources */ = {isa = PBXBuildFile; fileRef = D25A77842CAF8DE500A4B975 /* PromiseAllTests.swift */; };
		E8A842B6E631E72C215B5BF4 /* Pods_JTPromise_JTPromiseUITests.framework in Frameworks */ = {isa = PBXBuildFile; fileRef = C090242DD4EA373FF3950E7B /* Pods_JTPromise_JTPromiseUITests.framework */; };
/* End PBXBuildFile section */

/* Begin PBXContainerItemProxy section */
		D20EA4132CAF8AE500CA071E /* PBXContainerItemProxy */ = {
			isa = PBXContainerItemProxy;
			containerPortal = D20EA3EF2CAF8AE200CA071E /* Project object */;
			proxyType = 1;
			remoteGlobalIDString = D20EA3F62CAF8AE200CA071E;
			remoteInfo = JTPromise;
		};
		D20EA41D2CAF8AE500CA071E /* PBXContainerItemProxy */ = {
			isa = PBXContainerItemProxy;
			containerPortal = D20EA3EF2CAF8AE200CA071E /* Project object */;
			proxyType = 1;
			remoteGlobalIDString = D20EA3F62CAF8AE200CA071E;
			remoteInfo = JTPromise;
		};
/* End PBXContainerItemProxy section */

/* Begin PBXFileReference section */
		26DE18571E04871323F67FA6 /* Pods-JTPromise-JTPromiseUITests.debug.xcconfig */ = {isa = PBXFileReference; includeInIndex = 1; lastKnownFileType = text.xcconfig; name = "Pods-JTPromise-JTPromiseUITests.debug.xcconfig"; path = "Target Support Files/Pods-JTPromise-JTPromiseUITests/Pods-JTPromise-JTPromiseUITests.debug.xcconfig"; sourceTree = "<group>"; };
		2AE09700C952979EB60D790F /* Pods-JTPromiseTests.release.xcconfig */ = {isa = PBXFileReference; includeInIndex = 1; lastKnownFileType = text.xcconfig; name = "Pods-JTPromiseTests.release.xcconfig"; path = "Target Support Files/Pods-JTPromiseTests/Pods-JTPromiseTests.release.xcconfig"; sourceTree = "<group>"; };
		322A5E102624951D3EAEE4CE /* Pods-JTPromise.release.xcconfig */ = {isa = PBXFileReference; includeInIndex = 1; lastKnownFileType = text.xcconfig; name = "Pods-JTPromise.release.xcconfig"; path = "Target Support Files/Pods-JTPromise/Pods-JTPromise.release.xcconfig"; sourceTree = "<group>"; };
		3B8D9930B783261AD0AFE26F /* Pods-JTPromise.debug.xcconfig */ = {isa = PBXFileReference; includeInIndex = 1; lastKnownFileType = text.xcconfig; name = "Pods-JTPromise.debug.xcconfig"; path = "Target Support Files/Pods-JTPromise/Pods-JTPromise.debug.xcconfig"; sourceTree = "<group>"; };
		43A2426FE813638D19E3B501 /* Pods-JTPromise-JTPromiseUITests.release.xcconfig */ = {isa = PBXFileReference; includeInIndex = 1; lastKnownFileType = text.xcconfig; name = "Pods-JTPromise-JTPromiseUITests.release.xcconfig"; path = "Target Support Files/Pods-JTPromise-JTPromiseUITests/Pods-JTPromise-JTPromiseUITests.release.xcconfig"; sourceTree = "<group>"; };
		58A269A08BFDB71EEA6A8C25 /* Pods_JTPromise.framework */ = {isa = PBXFileReference; explicitFileType = wrapper.framework; includeInIndex = 0; path = Pods_JTPromise.framework; sourceTree = BUILT_PRODUCTS_DIR; };
		5A87B638A1E87CEC0EE3BFC4 /* Pods_JTPromiseTests.framework */ = {isa = PBXFileReference; explicitFileType = wrapper.framework; includeInIndex = 0; path = Pods_JTPromiseTests.framework; sourceTree = BUILT_PRODUCTS_DIR; };
		C090242DD4EA373FF3950E7B /* Pods_JTPromise_JTPromiseUITests.framework */ = {isa = PBXFileReference; explicitFileType = wrapper.framework; includeInIndex = 0; path = Pods_JTPromise_JTPromiseUITests.framework; sourceTree = BUILT_PRODUCTS_DIR; };
		D20EA3F72CAF8AE200CA071E /* JTPromise.app */ = {isa = PBXFileReference; explicitFileType = wrapper.application; includeInIndex = 0; path = JTPromise.app; sourceTree = BUILT_PRODUCTS_DIR; };
		D20EA3FA2CAF8AE200CA071E /* AppDelegate.h */ = {isa = PBXFileReference; lastKnownFileType = sourcecode.c.h; path = AppDelegate.h; sourceTree = "<group>"; };
		D20EA3FB2CAF8AE200CA071E /* AppDelegate.m */ = {isa = PBXFileReference; lastKnownFileType = sourcecode.c.objc; path = AppDelegate.m; sourceTree = "<group>"; };
		D20EA3FD2CAF8AE200CA071E /* SceneDelegate.h */ = {isa = PBXFileReference; lastKnownFileType = sourcecode.c.h; path = SceneDelegate.h; sourceTree = "<group>"; };
		D20EA3FE2CAF8AE200CA071E /* SceneDelegate.m */ = {isa = PBXFileReference; lastKnownFileType = sourcecode.c.objc; path = SceneDelegate.m; sourceTree = "<group>"; };
		D20EA4002CAF8AE200CA071E /* ViewController.h */ = {isa = PBXFileReference; lastKnownFileType = sourcecode.c.h; path = ViewController.h; sourceTree = "<group>"; };
		D20EA4012CAF8AE200CA071E /* ViewController.m */ = {isa = PBXFileReference; lastKnownFileType = sourcecode.c.objc; path = ViewController.m; sourceTree = "<group>"; };
		D20EA4042CAF8AE200CA071E /* Base */ = {isa = PBXFileReference; lastKnownFileType = file.storyboard; name = Base; path = Base.lproj/Main.storyboard; sourceTree = "<group>"; };
		D20EA4062CAF8AE400CA071E /* Assets.xcassets */ = {isa = PBXFileReference; lastKnownFileType = folder.assetcatalog; path = Assets.xcassets; sourceTree = "<group>"; };
		D20EA4092CAF8AE400CA071E /* Base */ = {isa = PBXFileReference; lastKnownFileType = file.storyboard; name = Base; path = Base.lproj/LaunchScreen.storyboard; sourceTree = "<group>"; };
		D20EA40B2CAF8AE400CA071E /* Info.plist */ = {isa = PBXFileReference; lastKnownFileType = text.plist.xml; path = Info.plist; sourceTree = "<group>"; };
		D20EA40C2CAF8AE400CA071E /* main.m */ = {isa = PBXFileReference; lastKnownFileType = sourcecode.c.objc; path = main.m; sourceTree = "<group>"; };
		D20EA4122CAF8AE500CA071E /* JTPromiseTests.xctest */ = {isa = PBXFileReference; explicitFileType = wrapper.cfbundle; includeInIndex = 0; path = JTPromiseTests.xctest; sourceTree = BUILT_PRODUCTS_DIR; };
		D20EA41C2CAF8AE500CA071E /* JTPromiseUITests.xctest */ = {isa = PBXFileReference; explicitFileType = wrapper.cfbundle; includeInIndex = 0; path = JTPromiseUITests.xctest; sourceTree = BUILT_PRODUCTS_DIR; };
		D20EA4202CAF8AE500CA071E /* JTPromiseUITests.m */ = {isa = PBXFileReference; lastKnownFileType = sourcecode.c.objc; path = JTPromiseUITests.m; sourceTree = "<group>"; };
		D20EA4222CAF8AE500CA071E /* JTPromiseUITestsLaunchTests.m */ = {isa = PBXFileReference; lastKnownFileType = sourcecode.c.objc; path = JTPromiseUITestsLaunchTests.m; sourceTree = "<group>"; };
		D25A777F2CAF8DE500A4B975 /* PromiseTests.swift */ = {isa = PBXFileReference; fileEncoding = 4; lastKnownFileType = sourcecode.swift; name = PromiseTests.swift; path = Tests/PromiseTests.swift; sourceTree = SOURCE_ROOT; };
		D25A77802CAF8DE500A4B975 /* PromiseAllSettledTests.swift */ = {isa = PBXFileReference; fileEncoding = 4; lastKnownFileType = sourcecode.swift; name = PromiseAllSettledTests.swift; path = Tests/PromiseAllSettledTests.swift; sourceTree = SOURCE_ROOT; };
		D25A77812CAF8DE500A4B975 /* PromiseAnyTests.swift */ = {isa = PBXFileReference; fileEncoding = 4; lastKnownFileType = sourcecode.swift; name = PromiseAnyTests.swift; path = Tests/PromiseAnyTests.swift; sourceTree = SOURCE_ROOT; };
		D25A77822CAF8DE500A4B975 /* PromiseRaceTests.swift */ = {isa = PBXFileReference; fileEncoding = 4; lastKnownFileType = sourcecode.swift; name = PromiseRaceTests.swift; path = Tests/PromiseRaceTests.swift; sourceTree = SOURCE_ROOT; };
		D25A77832CAF8DE500A4B975 /* Utils.swift */ = {isa = PBXFileReference; fileEncoding = 4; lastKnownFileType = sourcecode.swift; name = Utils.swift; path = Tests/Utils.swift; sourceTree = SOURCE_ROOT; };
		D25A77842CAF8DE500A4B975 /* PromiseAllTests.swift */ = {isa = PBXFileReference; fileEncoding = 4; lastKnownFileType = sourcecode.swift; name = PromiseAllTests.swift; path = Tests/PromiseAllTests.swift; sourceTree = SOURCE_ROOT; };
		EAE835A4652F5F5F2862616C /* Pods-JTPromiseTests.debug.xcconfig */ = {isa = PBXFileReference; includeInIndex = 1; lastKnownFileType = text.xcconfig; name = "Pods-JTPromiseTests.debug.xcconfig"; path = "Target Support Files/Pods-JTPromiseTests/Pods-JTPromiseTests.debug.xcconfig"; sourceTree = "<group>"; };
/* End PBXFileReference section */

/* Begin PBXFrameworksBuildPhase section */
		D20EA3F42CAF8AE200CA071E /* Frameworks */ = {
			isa = PBXFrameworksBuildPhase;
			buildActionMask = 2147483647;
			files = (
				41B640110BDECF8A3107AA79 /* Pods_JTPromise.framework in Frameworks */,
			);
			runOnlyForDeploymentPostprocessing = 0;
		};
		D20EA40F2CAF8AE500CA071E /* Frameworks */ = {
			isa = PBXFrameworksBuildPhase;
			buildActionMask = 2147483647;
			files = (
				5ACEEF0678F30B4BEC85A9CE /* Pods_JTPromiseTests.framework in Frameworks */,
			);
			runOnlyForDeploymentPostprocessing = 0;
		};
		D20EA4192CAF8AE500CA071E /* Frameworks */ = {
			isa = PBXFrameworksBuildPhase;
			buildActionMask = 2147483647;
			files = (
				E8A842B6E631E72C215B5BF4 /* Pods_JTPromise_JTPromiseUITests.framework in Frameworks */,
			);
			runOnlyForDeploymentPostprocessing = 0;
		};
/* End PBXFrameworksBuildPhase section */

/* Begin PBXGroup section */
		205C3915BF6BF0C0668D0920 /* Frameworks */ = {
			isa = PBXGroup;
			children = (
				58A269A08BFDB71EEA6A8C25 /* Pods_JTPromise.framework */,
				C090242DD4EA373FF3950E7B /* Pods_JTPromise_JTPromiseUITests.framework */,
				5A87B638A1E87CEC0EE3BFC4 /* Pods_JTPromiseTests.framework */,
			);
			name = Frameworks;
			sourceTree = "<group>";
		};
		D20EA3EE2CAF8AE200CA071E = {
			isa = PBXGroup;
			children = (
				D20EA3F92CAF8AE200CA071E /* JTPromise */,
				D20EA4152CAF8AE500CA071E /* JTPromiseTests */,
				D20EA41F2CAF8AE500CA071E /* JTPromiseUITests */,
				D20EA3F82CAF8AE200CA071E /* Products */,
				F4CBE5575042315EF6A3414D /* Pods */,
				205C3915BF6BF0C0668D0920 /* Frameworks */,
			);
			sourceTree = "<group>";
		};
		D20EA3F82CAF8AE200CA071E /* Products */ = {
			isa = PBXGroup;
			children = (
				D20EA3F72CAF8AE200CA071E /* JTPromise.app */,
				D20EA4122CAF8AE500CA071E /* JTPromiseTests.xctest */,
				D20EA41C2CAF8AE500CA071E /* JTPromiseUITests.xctest */,
			);
			name = Products;
			sourceTree = "<group>";
		};
		D20EA3F92CAF8AE200CA071E /* JTPromise */ = {
			isa = PBXGroup;
			children = (
				D20EA3FA2CAF8AE200CA071E /* AppDelegate.h */,
				D20EA3FB2CAF8AE200CA071E /* AppDelegate.m */,
				D20EA3FD2CAF8AE200CA071E /* SceneDelegate.h */,
				D20EA3FE2CAF8AE200CA071E /* SceneDelegate.m */,
				D20EA4002CAF8AE200CA071E /* ViewController.h */,
				D20EA4012CAF8AE200CA071E /* ViewController.m */,
				D20EA4032CAF8AE200CA071E /* Main.storyboard */,
				D20EA4062CAF8AE400CA071E /* Assets.xcassets */,
				D20EA4082CAF8AE400CA071E /* LaunchScreen.storyboard */,
				D20EA40B2CAF8AE400CA071E /* Info.plist */,
				D20EA40C2CAF8AE400CA071E /* main.m */,
			);
			path = JTPromise;
			sourceTree = "<group>";
		};
		D20EA4152CAF8AE500CA071E /* JTPromiseTests */ = {
			isa = PBXGroup;
			children = (
				D25A77802CAF8DE500A4B975 /* PromiseAllSettledTests.swift */,
				D25A77842CAF8DE500A4B975 /* PromiseAllTests.swift */,
				D25A77812CAF8DE500A4B975 /* PromiseAnyTests.swift */,
				D25A77822CAF8DE500A4B975 /* PromiseRaceTests.swift */,
				D25A777F2CAF8DE500A4B975 /* PromiseTests.swift */,
				D25A77832CAF8DE500A4B975 /* Utils.swift */,
			);
			path = JTPromiseTests;
			sourceTree = "<group>";
		};
		D20EA41F2CAF8AE500CA071E /* JTPromiseUITests */ = {
			isa = PBXGroup;
			children = (
				D20EA4202CAF8AE500CA071E /* JTPromiseUITests.m */,
				D20EA4222CAF8AE500CA071E /* JTPromiseUITestsLaunchTests.m */,
			);
			path = JTPromiseUITests;
			sourceTree = "<group>";
		};
		F4CBE5575042315EF6A3414D /* Pods */ = {
			isa = PBXGroup;
			children = (
				3B8D9930B783261AD0AFE26F /* Pods-JTPromise.debug.xcconfig */,
				322A5E102624951D3EAEE4CE /* Pods-JTPromise.release.xcconfig */,
				26DE18571E04871323F67FA6 /* Pods-JTPromise-JTPromiseUITests.debug.xcconfig */,
				43A2426FE813638D19E3B501 /* Pods-JTPromise-JTPromiseUITests.release.xcconfig */,
				EAE835A4652F5F5F2862616C /* Pods-JTPromiseTests.debug.xcconfig */,
				2AE09700C952979EB60D790F /* Pods-JTPromiseTests.release.xcconfig */,
			);
			path = Pods;
			sourceTree = "<group>";
		};
/* End PBXGroup section */

/* Begin PBXNativeTarget section */
		D20EA3F62CAF8AE200CA071E /* JTPromise */ = {
			isa = PBXNativeTarget;
			buildConfigurationList = D20EA4262CAF8AE500CA071E /* Build configuration list for PBXNativeTarget "JTPromise" */;
			buildPhases = (
				E9DA42FC0D0F2CCDD4029DDF /* [CP] Check Pods Manifest.lock */,
				D20EA3F32CAF8AE200CA071E /* Sources */,
				D20EA3F42CAF8AE200CA071E /* Frameworks */,
				D20EA3F52CAF8AE200CA071E /* Resources */,
				B4EC54A53984623E306FD040 /* [CP] Embed Pods Frameworks */,
			);
			buildRules = (
			);
			dependencies = (
			);
			name = JTPromise;
			productName = JTPromise;
			productReference = D20EA3F72CAF8AE200CA071E /* JTPromise.app */;
			productType = "com.apple.product-type.application";
		};
		D20EA4112CAF8AE500CA071E /* JTPromiseTests */ = {
			isa = PBXNativeTarget;
			buildConfigurationList = D20EA4292CAF8AE500CA071E /* Build configuration list for PBXNativeTarget "JTPromiseTests" */;
			buildPhases = (
				1CC473E5C13E457419D8B226 /* [CP] Check Pods Manifest.lock */,
				D20EA40E2CAF8AE500CA071E /* Sources */,
				D20EA40F2CAF8AE500CA071E /* Frameworks */,
				D20EA4102CAF8AE500CA071E /* Resources */,
				3356FBC2F17D07E698A8864A /* [CP] Embed Pods Frameworks */,
			);
			buildRules = (
			);
			dependencies = (
				D20EA4142CAF8AE500CA071E /* PBXTargetDependency */,
			);
			name = JTPromiseTests;
			productName = JTPromiseTests;
			productReference = D20EA4122CAF8AE500CA071E /* JTPromiseTests.xctest */;
			productType = "com.apple.product-type.bundle.unit-test";
		};
		D20EA41B2CAF8AE500CA071E /* JTPromiseUITests */ = {
			isa = PBXNativeTarget;
			buildConfigurationList = D20EA42C2CAF8AE500CA071E /* Build configuration list for PBXNativeTarget "JTPromiseUITests" */;
			buildPhases = (
				0343C7C9033B2664E6D65C57 /* [CP] Check Pods Manifest.lock */,
				D20EA4182CAF8AE500CA071E /* Sources */,
				D20EA4192CAF8AE500CA071E /* Frameworks */,
				D20EA41A2CAF8AE500CA071E /* Resources */,
				6D9EF96A3649A32A14A84DFF /* [CP] Embed Pods Frameworks */,
			);
			buildRules = (
			);
			dependencies = (
				D20EA41E2CAF8AE500CA071E /* PBXTargetDependency */,
			);
			name = JTPromiseUITests;
			productName = JTPromiseUITests;
			productReference = D20EA41C2CAF8AE500CA071E /* JTPromiseUITests.xctest */;
			productType = "com.apple.product-type.bundle.ui-testing";
		};
/* End PBXNativeTarget section */

/* Begin PBXProject section */
		D20EA3EF2CAF8AE200CA071E /* Project object */ = {
			isa = PBXProject;
			attributes = {
				BuildIndependentTargetsInParallel = 1;
				LastUpgradeCheck = 1420;
				TargetAttributes = {
					D20EA3F62CAF8AE200CA071E = {
						CreatedOnToolsVersion = 14.2;
					};
					D20EA4112CAF8AE500CA071E = {
						CreatedOnToolsVersion = 14.2;
						LastSwiftMigration = 1420;
						TestTargetID = D20EA3F62CAF8AE200CA071E;
					};
					D20EA41B2CAF8AE500CA071E = {
						CreatedOnToolsVersion = 14.2;
						TestTargetID = D20EA3F62CAF8AE200CA071E;
					};
				};
			};
			buildConfigurationList = D20EA3F22CAF8AE200CA071E /* Build configuration list for PBXProject "JTPromise" */;
			compatibilityVersion = "Xcode 14.0";
			developmentRegion = en;
			hasScannedForEncodings = 0;
			knownRegions = (
				en,
				Base,
			);
			mainGroup = D20EA3EE2CAF8AE200CA071E;
			productRefGroup = D20EA3F82CAF8AE200CA071E /* Products */;
			projectDirPath = "";
			projectRoot = "";
			targets = (
				D20EA3F62CAF8AE200CA071E /* JTPromise */,
				D20EA4112CAF8AE500CA071E /* JTPromiseTests */,
				D20EA41B2CAF8AE500CA071E /* JTPromiseUITests */,
			);
		};
/* End PBXProject section */

/* Begin PBXResourcesBuildPhase section */
		D20EA3F52CAF8AE200CA071E /* Resources */ = {
			isa = PBXResourcesBuildPhase;
			buildActionMask = 2147483647;
			files = (
				D20EA40A2CAF8AE400CA071E /* LaunchScreen.storyboard in Resources */,
				D20EA4072CAF8AE400CA071E /* Assets.xcassets in Resources */,
				D20EA4052CAF8AE200CA071E /* Main.storyboard in Resources */,
			);
			runOnlyForDeploymentPostprocessing = 0;
		};
		D20EA4102CAF8AE500CA071E /* Resources */ = {
			isa = PBXResourcesBuildPhase;
			buildActionMask = 2147483647;
			files = (
			);
			runOnlyForDeploymentPostprocessing = 0;
		};
		D20EA41A2CAF8AE500CA071E /* Resources */ = {
			isa = PBXResourcesBuildPhase;
			buildActionMask = 2147483647;
			files = (
			);
			runOnlyForDeploymentPostprocessing = 0;
		};
/* End PBXResourcesBuildPhase section */

/* Begin PBXShellScriptBuildPhase section */
		0343C7C9033B2664E6D65C57 /* [CP] Check Pods Manifest.lock */ = {
			isa = PBXShellScriptBuildPhase;
			buildActionMask = 2147483647;
			files = (
			);
			inputFileListPaths = (
			);
			inputPaths = (
				"${PODS_PODFILE_DIR_PATH}/Podfile.lock",
				"${PODS_ROOT}/Manifest.lock",
			);
			name = "[CP] Check Pods Manifest.lock";
			outputFileListPaths = (
			);
			outputPaths = (
				"$(DERIVED_FILE_DIR)/Pods-JTPromise-JTPromiseUITests-checkManifestLockResult.txt",
			);
			runOnlyForDeploymentPostprocessing = 0;
			shellPath = /bin/sh;
			shellScript = "diff \"${PODS_PODFILE_DIR_PATH}/Podfile.lock\" \"${PODS_ROOT}/Manifest.lock\" > /dev/null\nif [ $? != 0 ] ; then\n    # print error to STDERR\n    echo \"error: The sandbox is not in sync with the Podfile.lock. Run 'pod install' or update your CocoaPods installation.\" >&2\n    exit 1\nfi\n# This output is used by Xcode 'outputs' to avoid re-running this script phase.\necho \"SUCCESS\" > \"${SCRIPT_OUTPUT_FILE_0}\"\n";
			showEnvVarsInLog = 0;
		};
		1CC473E5C13E457419D8B226 /* [CP] Check Pods Manifest.lock */ = {
			isa = PBXShellScriptBuildPhase;
			buildActionMask = 2147483647;
			files = (
			);
			inputFileListPaths = (
			);
			inputPaths = (
				"${PODS_PODFILE_DIR_PATH}/Podfile.lock",
				"${PODS_ROOT}/Manifest.lock",
			);
			name = "[CP] Check Pods Manifest.lock";
			outputFileListPaths = (
			);
			outputPaths = (
				"$(DERIVED_FILE_DIR)/Pods-JTPromiseTests-checkManifestLockResult.txt",
			);
			runOnlyForDeploymentPostprocessing = 0;
			shellPath = /bin/sh;
			shellScript = "diff \"${PODS_PODFILE_DIR_PATH}/Podfile.lock\" \"${PODS_ROOT}/Manifest.lock\" > /dev/null\nif [ $? != 0 ] ; then\n    # print error to STDERR\n    echo \"error: The sandbox is not in sync with the Podfile.lock. Run 'pod install' or update your CocoaPods installation.\" >&2\n    exit 1\nfi\n# This output is used by Xcode 'outputs' to avoid re-running this script phase.\necho \"SUCCESS\" > \"${SCRIPT_OUTPUT_FILE_0}\"\n";
			showEnvVarsInLog = 0;
		};
		3356FBC2F17D07E698A8864A /* [CP] Embed Pods Frameworks */ = {
			isa = PBXShellScriptBuildPhase;
			buildActionMask = 2147483647;
			files = (
			);
			inputFileListPaths = (
				"${PODS_ROOT}/Target Support Files/Pods-JTPromiseTests/Pods-JTPromiseTests-frameworks-${CONFIGURATION}-input-files.xcfilelist",
			);
			name = "[CP] Embed Pods Frameworks";
			outputFileListPaths = (
				"${PODS_ROOT}/Target Support Files/Pods-JTPromiseTests/Pods-JTPromiseTests-frameworks-${CONFIGURATION}-output-files.xcfilelist",
			);
			runOnlyForDeploymentPostprocessing = 0;
			shellPath = /bin/sh;
			shellScript = "\"${PODS_ROOT}/Target Support Files/Pods-JTPromiseTests/Pods-JTPromiseTests-frameworks.sh\"\n";
			showEnvVarsInLog = 0;
		};
		6D9EF96A3649A32A14A84DFF /* [CP] Embed Pods Frameworks */ = {
			isa = PBXShellScriptBuildPhase;
			buildActionMask = 2147483647;
			files = (
			);
			inputFileListPaths = (
				"${PODS_ROOT}/Target Support Files/Pods-JTPromise-JTPromiseUITests/Pods-JTPromise-JTPromiseUITests-frameworks-${CONFIGURATION}-input-files.xcfilelist",
			);
			name = "[CP] Embed Pods Frameworks";
			outputFileListPaths = (
				"${PODS_ROOT}/Target Support Files/Pods-JTPromise-JTPromiseUITests/Pods-JTPromise-JTPromiseUITests-frameworks-${CONFIGURATION}-output-files.xcfilelist",
			);
			runOnlyForDeploymentPostprocessing = 0;
			shellPath = /bin/sh;
			shellScript = "\"${PODS_ROOT}/Target Support Files/Pods-JTPromise-JTPromiseUITests/Pods-JTPromise-JTPromiseUITests-frameworks.sh\"\n";
			showEnvVarsInLog = 0;
		};
		B4EC54A53984623E306FD040 /* [CP] Embed Pods Frameworks */ = {
			isa = PBXShellScriptBuildPhase;
			buildActionMask = 2147483647;
			files = (
			);
			inputFileListPaths = (
				"${PODS_ROOT}/Target Support Files/Pods-JTPromise/Pods-JTPromise-frameworks-${CONFIGURATION}-input-files.xcfilelist",
			);
			name = "[CP] Embed Pods Frameworks";
			outputFileListPaths = (
				"${PODS_ROOT}/Target Support Files/Pods-JTPromise/Pods-JTPromise-frameworks-${CONFIGURATION}-output-files.xcfilelist",
			);
			runOnlyForDeploymentPostprocessing = 0;
			shellPath = /bin/sh;
			shellScript = "\"${PODS_ROOT}/Target Support Files/Pods-JTPromise/Pods-JTPromise-frameworks.sh\"\n";
			showEnvVarsInLog = 0;
		};
		E9DA42FC0D0F2CCDD4029DDF /* [CP] Check Pods Manifest.lock */ = {
			isa = PBXShellScriptBuildPhase;
			buildActionMask = 2147483647;
			files = (
			);
			inputFileListPaths = (
			);
			inputPaths = (
				"${PODS_PODFILE_DIR_PATH}/Podfile.lock",
				"${PODS_ROOT}/Manifest.lock",
			);
			name = "[CP] Check Pods Manifest.lock";
			outputFileListPaths = (
			);
			outputPaths = (
				"$(DERIVED_FILE_DIR)/Pods-JTPromise-checkManifestLockResult.txt",
			);
			runOnlyForDeploymentPostprocessing = 0;
			shellPath = /bin/sh;
			shellScript = "diff \"${PODS_PODFILE_DIR_PATH}/Podfile.lock\" \"${PODS_ROOT}/Manifest.lock\" > /dev/null\nif [ $? != 0 ] ; then\n    # print error to STDERR\n    echo \"error: The sandbox is not in sync with the Podfile.lock. Run 'pod install' or update your CocoaPods installation.\" >&2\n    exit 1\nfi\n# This output is used by Xcode 'outputs' to avoid re-running this script phase.\necho \"SUCCESS\" > \"${SCRIPT_OUTPUT_FILE_0}\"\n";
			showEnvVarsInLog = 0;
		};
/* End PBXShellScriptBuildPhase section */

/* Begin PBXSourcesBuildPhase section */
		D20EA3F32CAF8AE200CA071E /* Sources */ = {
			isa = PBXSourcesBuildPhase;
			buildActionMask = 2147483647;
			files = (
				D20EA4022CAF8AE200CA071E /* ViewController.m in Sources */,
				D20EA3FC2CAF8AE200CA071E /* AppDelegate.m in Sources */,
				D20EA40D2CAF8AE400CA071E /* main.m in Sources */,
				D20EA3FF2CAF8AE200CA071E /* SceneDelegate.m in Sources */,
			);
			runOnlyForDeploymentPostprocessing = 0;
		};
		D20EA40E2CAF8AE500CA071E /* Sources */ = {
			isa = PBXSourcesBuildPhase;
			buildActionMask = 2147483647;
			files = (
				D25A77892CAF8DE500A4B975 /* Utils.swift in Sources */,
				D25A778A2CAF8DE500A4B975 /* PromiseAllTests.swift in Sources */,
				D25A77852CAF8DE500A4B975 /* PromiseTests.swift in Sources */,
				D25A77862CAF8DE500A4B975 /* PromiseAllSettledTests.swift in Sources */,
				D25A77882CAF8DE500A4B975 /* PromiseRaceTests.swift in Sources */,
				D25A77872CAF8DE500A4B975 /* PromiseAnyTests.swift in Sources */,
			);
			runOnlyForDeploymentPostprocessing = 0;
		};
		D20EA4182CAF8AE500CA071E /* Sources */ = {
			isa = PBXSourcesBuildPhase;
			buildActionMask = 2147483647;
			files = (
				D20EA4232CAF8AE500CA071E /* JTPromiseUITestsLaunchTests.m in Sources */,
				D20EA4212CAF8AE500CA071E /* JTPromiseUITests.m in Sources */,
			);
			runOnlyForDeploymentPostprocessing = 0;
		};
/* End PBXSourcesBuildPhase section */

/* Begin PBXTargetDependency section */
		D20EA4142CAF8AE500CA071E /* PBXTargetDependency */ = {
			isa = PBXTargetDependency;
			target = D20EA3F62CAF8AE200CA071E /* JTPromise */;
			targetProxy = D20EA4132CAF8AE500CA071E /* PBXContainerItemProxy */;
		};
		D20EA41E2CAF8AE500CA071E /* PBXTargetDependency */ = {
			isa = PBXTargetDependency;
			target = D20EA3F62CAF8AE200CA071E /* JTPromise */;
			targetProxy = D20EA41D2CAF8AE500CA071E /* PBXContainerItemProxy */;
		};
/* End PBXTargetDependency section */

/* Begin PBXVariantGroup section */
		D20EA4032CAF8AE200CA071E /* Main.storyboard */ = {
			isa = PBXVariantGroup;
			children = (
				D20EA4042CAF8AE200CA071E /* Base */,
			);
			name = Main.storyboard;
			sourceTree = "<group>";
		};
		D20EA4082CAF8AE400CA071E /* LaunchScreen.storyboard */ = {
			isa = PBXVariantGroup;
			children = (
				D20EA4092CAF8AE400CA071E /* Base */,
			);
			name = LaunchScreen.storyboard;
			sourceTree = "<group>";
		};
/* End PBXVariantGroup section */

/* Begin XCBuildConfiguration section */
		D20EA4242CAF8AE500CA071E /* Debug */ = {
			isa = XCBuildConfiguration;
			buildSettings = {
				ALWAYS_SEARCH_USER_PATHS = NO;
				CLANG_ANALYZER_NONNULL = YES;
				CLANG_ANALYZER_NUMBER_OBJECT_CONVERSION = YES_AGGRESSIVE;
				CLANG_CXX_LANGUAGE_STANDARD = "gnu++20";
				CLANG_ENABLE_MODULES = YES;
				CLANG_ENABLE_OBJC_ARC = YES;
				CLANG_ENABLE_OBJC_WEAK = YES;
				CLANG_WARN_BLOCK_CAPTURE_AUTORELEASING = YES;
				CLANG_WARN_BOOL_CONVERSION = YES;
				CLANG_WARN_COMMA = YES;
				CLANG_WARN_CONSTANT_CONVERSION = YES;
				CLANG_WARN_DEPRECATED_OBJC_IMPLEMENTATIONS = YES;
				CLANG_WARN_DIRECT_OBJC_ISA_USAGE = YES_ERROR;
				CLANG_WARN_DOCUMENTATION_COMMENTS = YES;
				CLANG_WARN_EMPTY_BODY = YES;
				CLANG_WARN_ENUM_CONVERSION = YES;
				CLANG_WARN_INFINITE_RECURSION = YES;
				CLANG_WARN_INT_CONVERSION = YES;
				CLANG_WARN_NON_LITERAL_NULL_CONVERSION = YES;
				CLANG_WARN_OBJC_IMPLICIT_RETAIN_SELF = YES;
				CLANG_WARN_OBJC_LITERAL_CONVERSION = YES;
				CLANG_WARN_OBJC_ROOT_CLASS = YES_ERROR;
				CLANG_WARN_QUOTED_INCLUDE_IN_FRAMEWORK_HEADER = YES;
				CLANG_WARN_RANGE_LOOP_ANALYSIS = YES;
				CLANG_WARN_STRICT_PROTOTYPES = YES;
				CLANG_WARN_SUSPICIOUS_MOVE = YES;
				CLANG_WARN_UNGUARDED_AVAILABILITY = YES_AGGRESSIVE;
				CLANG_WARN_UNREACHABLE_CODE = YES;
				CLANG_WARN__DUPLICATE_METHOD_MATCH = YES;
				COPY_PHASE_STRIP = NO;
				DEBUG_INFORMATION_FORMAT = dwarf;
				ENABLE_STRICT_OBJC_MSGSEND = YES;
				ENABLE_TESTABILITY = YES;
				GCC_C_LANGUAGE_STANDARD = gnu11;
				GCC_DYNAMIC_NO_PIC = NO;
				GCC_NO_COMMON_BLOCKS = YES;
				GCC_OPTIMIZATION_LEVEL = 0;
				GCC_PREPROCESSOR_DEFINITIONS = (
					"DEBUG=1",
					"$(inherited)",
				);
				GCC_WARN_64_TO_32_BIT_CONVERSION = YES;
				GCC_WARN_ABOUT_RETURN_TYPE = YES_ERROR;
				GCC_WARN_UNDECLARED_SELECTOR = YES;
				GCC_WARN_UNINITIALIZED_AUTOS = YES_AGGRESSIVE;
				GCC_WARN_UNUSED_FUNCTION = YES;
				GCC_WARN_UNUSED_VARIABLE = YES;
				IPHONEOS_DEPLOYMENT_TARGET = 11.0;
				MTL_ENABLE_DEBUG_INFO = INCLUDE_SOURCE;
				MTL_FAST_MATH = YES;
				ONLY_ACTIVE_ARCH = YES;
				SDKROOT = iphoneos;
			};
			name = Debug;
		};
		D20EA4252CAF8AE500CA071E /* Release */ = {
			isa = XCBuildConfiguration;
			buildSettings = {
				ALWAYS_SEARCH_USER_PATHS = NO;
				CLANG_ANALYZER_NONNULL = YES;
				CLANG_ANALYZER_NUMBER_OBJECT_CONVERSION = YES_AGGRESSIVE;
				CLANG_CXX_LANGUAGE_STANDARD = "gnu++20";
				CLANG_ENABLE_MODULES = YES;
				CLANG_ENABLE_OBJC_ARC = YES;
				CLANG_ENABLE_OBJC_WEAK = YES;
				CLANG_WARN_BLOCK_CAPTURE_AUTORELEASING = YES;
				CLANG_WARN_BOOL_CONVERSION = YES;
				CLANG_WARN_COMMA = YES;
				CLANG_WARN_CONSTANT_CONVERSION = YES;
				CLANG_WARN_DEPRECATED_OBJC_IMPLEMENTATIONS = YES;
				CLANG_WARN_DIRECT_OBJC_ISA_USAGE = YES_ERROR;
				CLANG_WARN_DOCUMENTATION_COMMENTS = YES;
				CLANG_WARN_EMPTY_BODY = YES;
				CLANG_WARN_ENUM_CONVERSION = YES;
				CLANG_WARN_INFINITE_RECURSION = YES;
				CLANG_WARN_INT_CONVERSION = YES;
				CLANG_WARN_NON_LITERAL_NULL_CONVERSION = YES;
				CLANG_WARN_OBJC_IMPLICIT_RETAIN_SELF = YES;
				CLANG_WARN_OBJC_LITERAL_CONVERSION = YES;
				CLANG_WARN_OBJC_ROOT_CLASS = YES_ERROR;
				CLANG_WARN_QUOTED_INCLUDE_IN_FRAMEWORK_HEADER = YES;
				CLANG_WARN_RANGE_LOOP_ANALYSIS = YES;
				CLANG_WARN_STRICT_PROTOTYPES = YES;
				CLANG_WARN_SUSPICIOUS_MOVE = YES;
				CLANG_WARN_UNGUARDED_AVAILABILITY = YES_AGGRESSIVE;
				CLANG_WARN_UNREACHABLE_CODE = YES;
				CLANG_WARN__DUPLICATE_METHOD_MATCH = YES;
				COPY_PHASE_STRIP = NO;
				DEBUG_INFORMATION_FORMAT = "dwarf-with-dsym";
				ENABLE_NS_ASSERTIONS = NO;
				ENABLE_STRICT_OBJC_MSGSEND = YES;
				GCC_C_LANGUAGE_STANDARD = gnu11;
				GCC_NO_COMMON_BLOCKS = YES;
				GCC_WARN_64_TO_32_BIT_CONVERSION = YES;
				GCC_WARN_ABOUT_RETURN_TYPE = YES_ERROR;
				GCC_WARN_UNDECLARED_SELECTOR = YES;
				GCC_WARN_UNINITIALIZED_AUTOS = YES_AGGRESSIVE;
				GCC_WARN_UNUSED_FUNCTION = YES;
				GCC_WARN_UNUSED_VARIABLE = YES;
				IPHONEOS_DEPLOYMENT_TARGET = 11.0;
				MTL_ENABLE_DEBUG_INFO = NO;
				MTL_FAST_MATH = YES;
				SDKROOT = iphoneos;
				VALIDATE_PRODUCT = YES;
			};
			name = Release;
		};
		D20EA4272CAF8AE500CA071E /* Debug */ = {
			isa = XCBuildConfiguration;
			baseConfigurationReference = 3B8D9930B783261AD0AFE26F /* Pods-JTPromise.debug.xcconfig */;
			buildSettings = {
				ASSETCATALOG_COMPILER_APPICON_NAME = AppIcon;
				ASSETCATALOG_COMPILER_GLOBAL_ACCENT_COLOR_NAME = AccentColor;
				CODE_SIGN_STYLE = Automatic;
				CURRENT_PROJECT_VERSION = 1;
				DEVELOPMENT_TEAM = KC78B9J37J;
				GENERATE_INFOPLIST_FILE = YES;
				INFOPLIST_FILE = JTPromise/Info.plist;
				INFOPLIST_KEY_UIApplicationSupportsIndirectInputEvents = YES;
				INFOPLIST_KEY_UILaunchStoryboardName = LaunchScreen;
				INFOPLIST_KEY_UIMainStoryboardFile = Main;
				INFOPLIST_KEY_UISupportedInterfaceOrientations_iPad = "UIInterfaceOrientationPortrait UIInterfaceOrientationPortraitUpsideDown UIInterfaceOrientationLandscapeLeft UIInterfaceOrientationLandscapeRight";
				INFOPLIST_KEY_UISupportedInterfaceOrientations_iPhone = "UIInterfaceOrientationPortrait UIInterfaceOrientationLandscapeLeft UIInterfaceOrientationLandscapeRight";
				LD_RUNPATH_SEARCH_PATHS = (
					"$(inherited)",
					"@executable_path/Frameworks",
				);
				MARKETING_VERSION = 1.0;
				PRODUCT_BUNDLE_IDENTIFIER = com.heikki.JTPromise;
				PRODUCT_NAME = "$(TARGET_NAME)";
				SWIFT_EMIT_LOC_STRINGS = YES;
				TARGETED_DEVICE_FAMILY = "1,2";
			};
			name = Debug;
		};
		D20EA4282CAF8AE500CA071E /* Release */ = {
			isa = XCBuildConfiguration;
			baseConfigurationReference = 322A5E102624951D3EAEE4CE /* Pods-JTPromise.release.xcconfig */;
			buildSettings = {
				ASSETCATALOG_COMPILER_APPICON_NAME = AppIcon;
				ASSETCATALOG_COMPILER_GLOBAL_ACCENT_COLOR_NAME = AccentColor;
				CODE_SIGN_STYLE = Automatic;
				CURRENT_PROJECT_VERSION = 1;
				DEVELOPMENT_TEAM = KC78B9J37J;
				GENERATE_INFOPLIST_FILE = YES;
				INFOPLIST_FILE = JTPromise/Info.plist;
				INFOPLIST_KEY_UIApplicationSupportsIndirectInputEvents = YES;
				INFOPLIST_KEY_UILaunchStoryboardName = LaunchScreen;
				INFOPLIST_KEY_UIMainStoryboardFile = Main;
				INFOPLIST_KEY_UISupportedInterfaceOrientations_iPad = "UIInterfaceOrientationPortrait UIInterfaceOrientationPortraitUpsideDown UIInterfaceOrientationLandscapeLeft UIInterfaceOrientationLandscapeRight";
				INFOPLIST_KEY_UISupportedInterfaceOrientations_iPhone = "UIInterfaceOrientationPortrait UIInterfaceOrientationLandscapeLeft UIInterfaceOrientationLandscapeRight";
				LD_RUNPATH_SEARCH_PATHS = (
					"$(inherited)",
					"@executable_path/Frameworks",
				);
				MARKETING_VERSION = 1.0;
				PRODUCT_BUNDLE_IDENTIFIER = com.heikki.JTPromise;
				PRODUCT_NAME = "$(TARGET_NAME)";
				SWIFT_EMIT_LOC_STRINGS = YES;
				TARGETED_DEVICE_FAMILY = "1,2";
			};
			name = Release;
		};
		D20EA42A2CAF8AE500CA071E /* Debug */ = {
			isa = XCBuildConfiguration;
			baseConfigurationReference = EAE835A4652F5F5F2862616C /* Pods-JTPromiseTests.debug.xcconfig */;
			buildSettings = {
				BUNDLE_LOADER = "$(TEST_HOST)";
				CLANG_ENABLE_MODULES = YES;
				CODE_SIGN_STYLE = Automatic;
				CURRENT_PROJECT_VERSION = 1;
				DEVELOPMENT_TEAM = KC78B9J37J;
				GENERATE_INFOPLIST_FILE = YES;
				IPHONEOS_DEPLOYMENT_TARGET = 16.2;
				LD_RUNPATH_SEARCH_PATHS = (
					"$(inherited)",
					"@executable_path/Frameworks",
					"@loader_path/Frameworks",
				);
				MARKETING_VERSION = 1.0;
				PRODUCT_BUNDLE_IDENTIFIER = com.heikki.JTPromiseTests;
				PRODUCT_NAME = "$(TARGET_NAME)";
				SWIFT_EMIT_LOC_STRINGS = NO;
				SWIFT_OPTIMIZATION_LEVEL = "-Onone";
				SWIFT_VERSION = 5.0;
				TARGETED_DEVICE_FAMILY = "1,2";
				TEST_HOST = "$(BUILT_PRODUCTS_DIR)/JTPromise.app/$(BUNDLE_EXECUTABLE_FOLDER_PATH)/JTPromise";
			};
			name = Debug;
		};
		D20EA42B2CAF8AE500CA071E /* Release */ = {
			isa = XCBuildConfiguration;
			baseConfigurationReference = 2AE09700C952979EB60D790F /* Pods-JTPromiseTests.release.xcconfig */;
			buildSettings = {
				BUNDLE_LOADER = "$(TEST_HOST)";
				CLANG_ENABLE_MODULES = YES;
				CODE_SIGN_STYLE = Automatic;
				CURRENT_PROJECT_VERSION = 1;
				DEVELOPMENT_TEAM = KC78B9J37J;
				GENERATE_INFOPLIST_FILE = YES;
				IPHONEOS_DEPLOYMENT_TARGET = 16.2;
				LD_RUNPATH_SEARCH_PATHS = (
					"$(inherited)",
					"@executable_path/Frameworks",
					"@loader_path/Frameworks",
				);
				MARKETING_VERSION = 1.0;
				PRODUCT_BUNDLE_IDENTIFIER = com.heikki.JTPromiseTests;
				PRODUCT_NAME = "$(TARGET_NAME)";
				SWIFT_EMIT_LOC_STRINGS = NO;
				SWIFT_VERSION = 5.0;
				TARGETED_DEVICE_FAMILY = "1,2";
				TEST_HOST = "$(BUILT_PRODUCTS_DIR)/JTPromise.app/$(BUNDLE_EXECUTABLE_FOLDER_PATH)/JTPromise";
			};
			name = Release;
		};
		D20EA42D2CAF8AE500CA071E /* Debug */ = {
			isa = XCBuildConfiguration;
			baseConfigurationReference = 26DE18571E04871323F67FA6 /* Pods-JTPromise-JTPromiseUITests.debug.xcconfig */;
			buildSettings = {
				CODE_SIGN_STYLE = Automatic;
				CURRENT_PROJECT_VERSION = 1;
				DEVELOPMENT_TEAM = KC78B9J37J;
				GENERATE_INFOPLIST_FILE = YES;
				MARKETING_VERSION = 1.0;
				PRODUCT_BUNDLE_IDENTIFIER = com.heikki.JTPromiseUITests;
				PRODUCT_NAME = "$(TARGET_NAME)";
				SWIFT_EMIT_LOC_STRINGS = NO;
				TARGETED_DEVICE_FAMILY = "1,2";
				TEST_TARGET_NAME = JTPromise;
			};
			name = Debug;
		};
		D20EA42E2CAF8AE500CA071E /* Release */ = {
			isa = XCBuildConfiguration;
			baseConfigurationReference = 43A2426FE813638D19E3B501 /* Pods-JTPromise-JTPromiseUITests.release.xcconfig */;
			buildSettings = {
				CODE_SIGN_STYLE = Automatic;
				CURRENT_PROJECT_VERSION = 1;
				DEVELOPMENT_TEAM = KC78B9J37J;
				GENERATE_INFOPLIST_FILE = YES;
				MARKETING_VERSION = 1.0;
				PRODUCT_BUNDLE_IDENTIFIER = com.heikki.JTPromiseUITests;
				PRODUCT_NAME = "$(TARGET_NAME)";
				SWIFT_EMIT_LOC_STRINGS = NO;
				TARGETED_DEVICE_FAMILY = "1,2";
				TEST_TARGET_NAME = JTPromise;
			};
			name = Release;
		};
/* End XCBuildConfiguration section */

/* Begin XCConfigurationList section */
		D20EA3F22CAF8AE200CA071E /* Build configuration list for PBXProject "JTPromise" */ = {
			isa = XCConfigurationList;
			buildConfigurations = (
				D20EA4242CAF8AE500CA071E /* Debug */,
				D20EA4252CAF8AE500CA071E /* Release */,
			);
			defaultConfigurationIsVisible = 0;
			defaultConfigurationName = Release;
		};
		D20EA4262CAF8AE500CA071E /* Build configuration list for PBXNativeTarget "JTPromise" */ = {
			isa = XCConfigurationList;
			buildConfigurations = (
				D20EA4272CAF8AE500CA071E /* Debug */,
				D20EA4282CAF8AE500CA071E /* Release */,
			);
			defaultConfigurationIsVisible = 0;
			defaultConfigurationName = Release;
		};
		D20EA4292CAF8AE500CA071E /* Build configuration list for PBXNativeTarget "JTPromiseTests" */ = {
			isa = XCConfigurationList;
			buildConfigurations = (
				D20EA42A2CAF8AE500CA071E /* Debug */,
				D20EA42B2CAF8AE500CA071E /* Release */,
			);
			defaultConfigurationIsVisible = 0;
			defaultConfigurationName = Release;
		};
		D20EA42C2CAF8AE500CA071E /* Build configuration list for PBXNativeTarget "JTPromiseUITests" */ = {
			isa = XCConfigurationList;
			buildConfigurations = (
				D20EA42D2CAF8AE500CA071E /* Debug */,
				D20EA42E2CAF8AE500CA071E /* Release */,
			);
			defaultConfigurationIsVisible = 0;
			defaultConfigurationName = Release;
		};
/* End XCConfigurationList section */
	};
	rootObject = D20EA3EF2CAF8AE200CA071E /* Project object */;
}
